
Microsoft Visual Studio Solution File, Format Version 12.00
# Visual Studio Version 16
VisualStudioVersion = 16.0.31729.503
MinimumVisualStudioVersion = 10.0.40219.1
Project("{FAE04EC0-301F-11D3-BF4B-00C04F79EFBC}") = "SaveEyesAbrarov", "SaveEyesAbrarov\SaveEyesAbrarov.csproj", "{B775E91F-70BB-4EB1-B8F1-F2649EF64749}"
EndProject
Global
	GlobalSection(SolutionConfigurationPlatforms) = preSolution
		Debug|Any CPU = Debug|Any CPU
		Release|Any CPU = Release|Any CPU
	EndGlobalSection
	GlobalSection(ProjectConfigurationPlatforms) = postSolution
		{B775E91F-70BB-4EB1-B8F1-F2649EF64749}.Debug|Any CPU.ActiveCfg = Debug|Any CPU
		{B775E91F-70BB-4EB1-B8F1-F2649EF64749}.Debug|Any CPU.Build.0 = Debug|Any CPU
		{B775E91F-70BB-4EB1-B8F1-F2649EF64749}.Release|Any CPU.ActiveCfg = Release|Any CPU
		{B775E91F-70BB-4EB1-B8F1-F2649EF64749}.Release|Any CPU.Build.0 = Release|Any CPU
	EndGlobalSection
	GlobalSection(SolutionProperties) = preSolution
		HideSolutionNode = FALSE
	EndGlobalSection
	GlobalSection(ExtensibilityGlobals) = postSolution
		SolutionGuid = {972AF5B2-9EF8-444C-A172-D4A913ABC8D4}
	EndGlobalSection
EndGlobal
